Microsoft Visual Studio Solution File, Format Version 12.00
# Visual Studio Version 17
VisualStudioVersion = 17.14.36414.22 d17.14
MinimumVisualStudioVersion = 10.0.40219.1
Project("{FAE04EC0-301F-11D3-BF4B-00C04F79EFBC}") = "taller", "taller\taller.csproj", "{9F35EE42-22CF-4938-95A5-FCBCBC20047C}"
EndProject
<!-- Agregando todos los proyectos de las capas a la solución con GUIDs correctos -->
Project("{FAE04EC0-301F-11D3-BF4B-00C04F79EFBC}") = "ENTITY", "ENTITY\ENTITY.csproj", "{E067AD2C-5A69-43C5-A5B9-53FF8E7FAB7B}"
EndProject
Project("{FAE04EC0-301F-11D3-BF4B-00C04F79EFBC}") = "DAL", "DAL\DAL.csproj", "{C9895A20-CD1A-4D07-BB55-A5E2944013FB}"
EndProject
Project("{FAE04EC0-301F-11D3-BF4B-00C04F79EFBC}") = "BLL", "BLL\BLL.csproj", "{16AA4A88-D028-4B2C-8DC4-FDD877A18A48}"
EndProject
Global
	GlobalSection(SolutionConfigurationPlatforms) = preSolution
		Debug|Any CPU = Debug|Any CPU
		Release|Any CPU = Release|Any CPU
	EndGlobalSection
	GlobalSection(ProjectConfigurationPlatforms) = postSolution
		{9F35EE42-22CF-4938-95A5-FCBCBC20047C}.Debug|Any CPU.ActiveCfg = Debug|Any CPU
		{9F35EE42-22CF-4938-95A5-FCBCBC20047C}.Debug|Any CPU.Build.0 = Debug|Any CPU
		{9F35EE42-22CF-4938-95A5-FCBCBC20047C}.Release|Any CPU.ActiveCfg = Release|Any CPU
		{9F35EE42-22CF-4938-95A5-FCBCBC20047C}.Release|Any CPU.Build.0 = Release|Any CPU
		<!-- Agregando configuraciones para todos los proyectos con GUIDs correctos -->
		{E067AD2C-5A69-43C5-A5B9-53FF8E7FAB7B}.Debug|Any CPU.ActiveCfg = Debug|Any CPU
		{E067AD2C-5A69-43C5-A5B9-53FF8E7FAB7B}.Debug|Any CPU.Build.0 = Debug|Any CPU
		{E067AD2C-5A69-43C5-A5B9-53FF8E7FAB7B}.Release|Any CPU.ActiveCfg = Release|Any CPU
		{E067AD2C-5A69-43C5-A5B9-53FF8E7FAB7B}.Release|Any CPU.Build.0 = Release|Any CPU
		{C9895A20-CD1A-4D07-BB55-A5E2944013FB}.Debug|Any CPU.ActiveCfg = Debug|Any CPU
		{C9895A20-CD1A-4D07-BB55-A5E2944013FB}.Debug|Any CPU.Build.0 = Debug|Any CPU
		{C9895A20-CD1A-4D07-BB55-A5E2944013FB}.Release|Any CPU.ActiveCfg = Release|Any CPU
		{C9895A20-CD1A-4D07-BB55-A5E2944013FB}.Release|Any CPU.Build.0 = Release|Any CPU
		{16AA4A88-D028-4B2C-8DC4-FDD877A18A48}.Debug|Any CPU.ActiveCfg = Debug|Any CPU
		{16AA4A88-D028-4B2C-8DC4-FDD877A18A48}.Debug|Any CPU.Build.0 = Debug|Any CPU
		{16AA4A88-D028-4B2C-8DC4-FDD877A18A48}.Release|Any CPU.ActiveCfg = Release|Any CPU
		{16AA4A88-D028-4B2C-8DC4-FDD877A18A48}.Release|Any CPU.Build.0 = Release|Any CPU
	EndGlobalSection
	GlobalSection(SolutionProperties) = preSolution
		HideSolutionNode = FALSE
	EndGlobalSection
	GlobalSection(ExtensibilityGlobals) = postSolution
		SolutionGuid = {D268D573-C89C-4487-A634-5A09CB1009E1}
	EndGlobalSection
EndGlobal
